{
  "name": "rxjs-tutorial",
  "version": "1.0.0",
  "lockfileVersion": 1,
  "requires": true,
  "dependencies": {
    "typescript": {
      "version": "2.7.2",
      "resolved": "http://npm.nerdeez.com/typescript/-/typescript-2.7.2/2d615a1ef4aee4f574425cdff7026edf81919836.tgz",
      "integrity": "sha512-p5TCYZDAO0m4G344hD+wx/LATebLWZNkkh2asWUFqSsD2OrDNhbAHuSjobrmsUmdzjJjEeZVU9g1h3O6vpstnw==",
      "dev": true
    }
  }
}
